
Microsoft Visual Studio Solution File, Format Version 12.00
# Visual Studio Version 16
VisualStudioVersion = 16.0.31025.194
MinimumVisualStudioVersion = 10.0.40219.1
Project("{8BC9CEB8-8B4A-11D0-8D11-00A0C91BC942}") = "Chess", "Chess\Chess.vcxproj", "{5D6E5C15-05F3-4BB2-8FDC-19D8170EE182}"
EndProject
Project("{8BC9CEB8-8B4A-11D0-8D11-00A0C91BC942}") = "śmietnik", "śmietnik\śmietnik.vcxproj", "{B386A5A4-8453-4BB1-B7F1-F75985FB09BA}"
EndProject
Project("{8BC9CEB8-8B4A-11D0-8D11-00A0C91BC942}") = "TestKing", "TestKing\TestKing.vcxproj", "{7F025E01-C518-499D-BF37-BD89E99AC8A2}"
EndProject
Project("{8BC9CEB8-8B4A-11D0-8D11-00A0C91BC942}") = "TestBishop", "TestBishop\TestBishop.vcxproj", "{83E37990-0466-43EC-974C-B04849C9D36A}"
EndProject
Project("{8BC9CEB8-8B4A-11D0-8D11-00A0C91BC942}") = "TestRook", "TestRook\TestRook.vcxproj", "{A6FD721D-3F1F-4B30-ADCC-90FCDA1BB75D}"
EndProject
Project("{8BC9CEB8-8B4A-11D0-8D11-00A0C91BC942}") = "TestQueen", "TestQueen\TestQueen.vcxproj", "{6C1212B0-B149-4B6D-B6BA-3E1B21328EB9}"
EndProject
Project("{8BC9CEB8-8B4A-11D0-8D11-00A0C91BC942}") = "TestPawn", "PawnTest\PawnTest.vcxproj", "{E8510719-954A-4CD6-B62F-09648755BC86}"
EndProject
Project("{8BC9CEB8-8B4A-11D0-8D11-00A0C91BC942}") = "TestKnight", "TestKnight\TestKnight.vcxproj", "{5751CE69-E4EA-43C4-A18C-5F94290E62D3}"
EndProject
Project("{8BC9CEB8-8B4A-11D0-8D11-00A0C91BC942}") = "Board", "Board\Board.vcxproj", "{12D3FC64-25AE-4171-9E8D-0D2050A0DB1F}"
EndProject
Project("{8BC9CEB8-8B4A-11D0-8D11-00A0C91BC942}") = "GameEngine", "GameEngine\GameEngine.vcxproj", "{107F812D-9D56-4E16-94FF-2A67FB960956}"
EndProject
Project("{8BC9CEB8-8B4A-11D0-8D11-00A0C91BC942}") = "ChessGUI", "ChessGUI\ChessGUI.vcxproj", "{0BA3584F-7E52-45CA-AD34-0F0ADD028FAD}"
EndProject
Project("{8BC9CEB8-8B4A-11D0-8D11-00A0C91BC942}") = "ChessGUIv2", "ChessGUIv2\ChessGUIv2.vcxproj", "{E44EE82A-AE6D-494B-990B-7880CDDD5582}"
EndProject
Global
	GlobalSection(SolutionConfigurationPlatforms) = preSolution
		Debug|x64 = Debug|x64
		Debug|x86 = Debug|x86
		Release|x64 = Release|x64
		Release|x86 = Release|x86
	EndGlobalSection
	GlobalSection(ProjectConfigurationPlatforms) = postSolution
		{5D6E5C15-05F3-4BB2-8FDC-19D8170EE182}.Debug|x64.ActiveCfg = Debug|x64
		{5D6E5C15-05F3-4BB2-8FDC-19D8170EE182}.Debug|x64.Build.0 = Debug|x64
		{5D6E5C15-05F3-4BB2-8FDC-19D8170EE182}.Debug|x86.ActiveCfg = Debug|Win32
		{5D6E5C15-05F3-4BB2-8FDC-19D8170EE182}.Debug|x86.Build.0 = Debug|Win32
		{5D6E5C15-05F3-4BB2-8FDC-19D8170EE182}.Release|x64.ActiveCfg = Release|x64
		{5D6E5C15-05F3-4BB2-8FDC-19D8170EE182}.Release|x64.Build.0 = Release|x64
		{5D6E5C15-05F3-4BB2-8FDC-19D8170EE182}.Release|x86.ActiveCfg = Release|Win32
		{5D6E5C15-05F3-4BB2-8FDC-19D8170EE182}.Release|x86.Build.0 = Release|Win32
		{B386A5A4-8453-4BB1-B7F1-F75985FB09BA}.Debug|x64.ActiveCfg = Debug|x64
		{B386A5A4-8453-4BB1-B7F1-F75985FB09BA}.Debug|x64.Build.0 = Debug|x64
		{B386A5A4-8453-4BB1-B7F1-F75985FB09BA}.Debug|x86.ActiveCfg = Debug|Win32
		{B386A5A4-8453-4BB1-B7F1-F75985FB09BA}.Debug|x86.Build.0 = Debug|Win32
		{B386A5A4-8453-4BB1-B7F1-F75985FB09BA}.Release|x64.ActiveCfg = Release|x64
		{B386A5A4-8453-4BB1-B7F1-F75985FB09BA}.Release|x64.Build.0 = Release|x64
		{B386A5A4-8453-4BB1-B7F1-F75985FB09BA}.Release|x86.ActiveCfg = Release|Win32
		{B386A5A4-8453-4BB1-B7F1-F75985FB09BA}.Release|x86.Build.0 = Release|Win32
		{7F025E01-C518-499D-BF37-BD89E99AC8A2}.Debug|x64.ActiveCfg = Debug|x64
		{7F025E01-C518-499D-BF37-BD89E99AC8A2}.Debug|x64.Build.0 = Debug|x64
		{7F025E01-C518-499D-BF37-BD89E99AC8A2}.Debug|x86.ActiveCfg = Debug|Win32
		{7F025E01-C518-499D-BF37-BD89E99AC8A2}.Debug|x86.Build.0 = Debug|Win32
		{7F025E01-C518-499D-BF37-BD89E99AC8A2}.Release|x64.ActiveCfg = Release|x64
		{7F025E01-C518-499D-BF37-BD89E99AC8A2}.Release|x64.Build.0 = Release|x64
		{7F025E01-C518-499D-BF37-BD89E99AC8A2}.Release|x86.ActiveCfg = Release|Win32
		{7F025E01-C518-499D-BF37-BD89E99AC8A2}.Release|x86.Build.0 = Release|Win32
		{83E37990-0466-43EC-974C-B04849C9D36A}.Debug|x64.ActiveCfg = Debug|x64
		{83E37990-0466-43EC-974C-B04849C9D36A}.Debug|x64.Build.0 = Debug|x64
		{83E37990-0466-43EC-974C-B04849C9D36A}.Debug|x86.ActiveCfg = Debug|Win32
		{83E37990-0466-43EC-974C-B04849C9D36A}.Debug|x86.Build.0 = Debug|Win32
		{83E37990-0466-43EC-974C-B04849C9D36A}.Release|x64.ActiveCfg = Release|x64
		{83E37990-0466-43EC-974C-B04849C9D36A}.Release|x64.Build.0 = Release|x64
		{83E37990-0466-43EC-974C-B04849C9D36A}.Release|x86.ActiveCfg = Release|Win32
		{83E37990-0466-43EC-974C-B04849C9D36A}.Release|x86.Build.0 = Release|Win32
		{A6FD721D-3F1F-4B30-ADCC-90FCDA1BB75D}.Debug|x64.ActiveCfg = Debug|x64
		{A6FD721D-3F1F-4B30-ADCC-90FCDA1BB75D}.Debug|x64.Build.0 = Debug|x64
		{A6FD721D-3F1F-4B30-ADCC-90FCDA1BB75D}.Debug|x86.ActiveCfg = Debug|Win32
		{A6FD721D-3F1F-4B30-ADCC-90FCDA1BB75D}.Debug|x86.Build.0 = Debug|Win32
		{A6FD721D-3F1F-4B30-ADCC-90FCDA1BB75D}.Release|x64.ActiveCfg = Release|x64
		{A6FD721D-3F1F-4B30-ADCC-90FCDA1BB75D}.Release|x64.Build.0 = Release|x64
		{A6FD721D-3F1F-4B30-ADCC-90FCDA1BB75D}.Release|x86.ActiveCfg = Release|Win32
		{A6FD721D-3F1F-4B30-ADCC-90FCDA1BB75D}.Release|x86.Build.0 = Release|Win32
		{6C1212B0-B149-4B6D-B6BA-3E1B21328EB9}.Debug|x64.ActiveCfg = Debug|x64
		{6C1212B0-B149-4B6D-B6BA-3E1B21328EB9}.Debug|x64.Build.0 = Debug|x64
		{6C1212B0-B149-4B6D-B6BA-3E1B21328EB9}.Debug|x86.ActiveCfg = Debug|Win32
		{6C1212B0-B149-4B6D-B6BA-3E1B21328EB9}.Debug|x86.Build.0 = Debug|Win32
		{6C1212B0-B149-4B6D-B6BA-3E1B21328EB9}.Release|x64.ActiveCfg = Release|x64
		{6C1212B0-B149-4B6D-B6BA-3E1B21328EB9}.Release|x64.Build.0 = Release|x64
		{6C1212B0-B149-4B6D-B6BA-3E1B21328EB9}.Release|x86.ActiveCfg = Release|Win32
		{6C1212B0-B149-4B6D-B6BA-3E1B21328EB9}.Release|x86.Build.0 = Release|Win32
		{E8510719-954A-4CD6-B62F-09648755BC86}.Debug|x64.ActiveCfg = Debug|x64
		{E8510719-954A-4CD6-B62F-09648755BC86}.Debug|x64.Build.0 = Debug|x64
		{E8510719-954A-4CD6-B62F-09648755BC86}.Debug|x86.ActiveCfg = Debug|Win32
		{E8510719-954A-4CD6-B62F-09648755BC86}.Debug|x86.Build.0 = Debug|Win32
		{E8510719-954A-4CD6-B62F-09648755BC86}.Release|x64.ActiveCfg = Release|x64
		{E8510719-954A-4CD6-B62F-09648755BC86}.Release|x64.Build.0 = Release|x64
		{E8510719-954A-4CD6-B62F-09648755BC86}.Release|x86.ActiveCfg = Release|Win32
		{E8510719-954A-4CD6-B62F-09648755BC86}.Release|x86.Build.0 = Release|Win32
		{5751CE69-E4EA-43C4-A18C-5F94290E62D3}.Debug|x64.ActiveCfg = Debug|x64
		{5751CE69-E4EA-43C4-A18C-5F94290E62D3}.Debug|x64.Build.0 = Debug|x64
		{5751CE69-E4EA-43C4-A18C-5F94290E62D3}.Debug|x86.ActiveCfg = Debug|Win32
		{5751CE69-E4EA-43C4-A18C-5F94290E62D3}.Debug|x86.Build.0 = Debug|Win32
		{5751CE69-E4EA-43C4-A18C-5F94290E62D3}.Release|x64.ActiveCfg = Release|x64
		{5751CE69-E4EA-43C4-A18C-5F94290E62D3}.Release|x64.Build.0 = Release|x64
		{5751CE69-E4EA-43C4-A18C-5F94290E62D3}.Release|x86.ActiveCfg = Release|Win32
		{5751CE69-E4EA-43C4-A18C-5F94290E62D3}.Release|x86.Build.0 = Release|Win32
		{12D3FC64-25AE-4171-9E8D-0D2050A0DB1F}.Debug|x64.ActiveCfg = Debug|x64
		{12D3FC64-25AE-4171-9E8D-0D2050A0DB1F}.Debug|x64.Build.0 = Debug|x64
		{12D3FC64-25AE-4171-9E8D-0D2050A0DB1F}.Debug|x86.ActiveCfg = Debug|Win32
		{12D3FC64-25AE-4171-9E8D-0D2050A0DB1F}.Debug|x86.Build.0 = Debug|Win32
		{12D3FC64-25AE-4171-9E8D-0D2050A0DB1F}.Release|x64.ActiveCfg = Release|x64
		{12D3FC64-25AE-4171-9E8D-0D2050A0DB1F}.Release|x64.Build.0 = Release|x64
		{12D3FC64-25AE-4171-9E8D-0D2050A0DB1F}.Release|x86.ActiveCfg = Release|Win32
		{12D3FC64-25AE-4171-9E8D-0D2050A0DB1F}.Release|x86.Build.0 = Release|Win32
		{107F812D-9D56-4E16-94FF-2A67FB960956}.Debug|x64.ActiveCfg = Debug|x64
		{107F812D-9D56-4E16-94FF-2A67FB960956}.Debug|x64.Build.0 = Debug|x64
		{107F812D-9D56-4E16-94FF-2A67FB960956}.Debug|x86.ActiveCfg = Debug|Win32
		{107F812D-9D56-4E16-94FF-2A67FB960956}.Debug|x86.Build.0 = Debug|Win32
		{107F812D-9D56-4E16-94FF-2A67FB960956}.Release|x64.ActiveCfg = Release|x64
		{107F812D-9D56-4E16-94FF-2A67FB960956}.Release|x64.Build.0 = Release|x64
		{107F812D-9D56-4E16-94FF-2A67FB960956}.Release|x86.ActiveCfg = Release|Win32
		{107F812D-9D56-4E16-94FF-2A67FB960956}.Release|x86.Build.0 = Release|Win32
		{0BA3584F-7E52-45CA-AD34-0F0ADD028FAD}.Debug|x64.ActiveCfg = Debug|Win32
		{0BA3584F-7E52-45CA-AD34-0F0ADD028FAD}.Debug|x86.ActiveCfg = Debug|Win32
		{0BA3584F-7E52-45CA-AD34-0F0ADD028FAD}.Debug|x86.Build.0 = Debug|Win32
		{0BA3584F-7E52-45CA-AD34-0F0ADD028FAD}.Release|x64.ActiveCfg = Release|Win32
		{0BA3584F-7E52-45CA-AD34-0F0ADD028FAD}.Release|x86.ActiveCfg = Release|Win32
		{0BA3584F-7E52-45CA-AD34-0F0ADD028FAD}.Release|x86.Build.0 = Release|Win32
		{E44EE82A-AE6D-494B-990B-7880CDDD5582}.Debug|x64.ActiveCfg = Debug|Win32
		{E44EE82A-AE6D-494B-990B-7880CDDD5582}.Debug|x86.ActiveCfg = Debug|Win32
		{E44EE82A-AE6D-494B-990B-7880CDDD5582}.Debug|x86.Build.0 = Debug|Win32
		{E44EE82A-AE6D-494B-990B-7880CDDD5582}.Release|x64.ActiveCfg = Release|Win32
		{E44EE82A-AE6D-494B-990B-7880CDDD5582}.Release|x86.ActiveCfg = Release|Win32
		{E44EE82A-AE6D-494B-990B-7880CDDD5582}.Release|x86.Build.0 = Release|Win32
	EndGlobalSection
	GlobalSection(SolutionProperties) = preSolution
		HideSolutionNode = FALSE
	EndGlobalSection
	GlobalSection(ExtensibilityGlobals) = postSolution
		SolutionGuid = {C72532A1-38DB-4252-8BD5-6971AAB8A41F}
	EndGlobalSection
EndGlobal
